
Microsoft Visual Studio Solution File, Format Version 12.00
# Visual Studio Version 17
VisualStudioVersion = 17.5.33516.290
MinimumVisualStudioVersion = 10.0.40219.1
Project("{FAE04EC0-301F-11D3-BF4B-00C04F79EFBC}") = "spDz2z1-2-3", "spDz2z1-2-3\spDz2z1-2-3.csproj", "{00E943BB-C305-4708-A6A0-F8630BF56DF2}"
EndProject
Global
	GlobalSection(SolutionConfigurationPlatforms) = preSolution
		Debug|Any CPU = Debug|Any CPU
		Release|Any CPU = Release|Any CPU
	EndGlobalSection
	GlobalSection(ProjectConfigurationPlatforms) = postSolution
		{00E943BB-C305-4708-A6A0-F8630BF56DF2}.Debug|Any CPU.ActiveCfg = Debug|Any CPU
		{00E943BB-C305-4708-A6A0-F8630BF56DF2}.Debug|Any CPU.Build.0 = Debug|Any CPU
		{00E943BB-C305-4708-A6A0-F8630BF56DF2}.Release|Any CPU.ActiveCfg = Release|Any CPU
		{00E943BB-C305-4708-A6A0-F8630BF56DF2}.Release|Any CPU.Build.0 = Release|Any CPU
	EndGlobalSection
	GlobalSection(SolutionProperties) = preSolution
		HideSolutionNode = FALSE
	EndGlobalSection
	GlobalSection(ExtensibilityGlobals) = postSolution
		SolutionGuid = {9502493A-AE0C-4CA9-A2CE-D7FB58A294A7}
	EndGlobalSection
EndGlobal
